github.com/aaronland/go-http-bootstrap v0.4.0 h1:W+wXKbJvpT7eW3hjjLNXDfJy980+G/xju6Y4S2VD7Kk=
github.com/aaronland/go-http-bootstrap v0.4.0/go.mod h1:v71tU1uyr8cSInBOV2vhnaV+l3bQ/yEtkPvchD1Ho64=
github.com/aaronland/go-http-rewrite v1.1.0 h1:HhsltNyYRnIz2FR+qANZLx2ykiRuNuNK1JgPonKBLHQ=
github.com/aaronland/go-http-rewrite v1.1.0/go.mod h1:iA9jQBureJrzO6fTzmRLS+fkbAI1Fna71iTb1hP8n3k=
github.com/aaronland/go-http-sanitize v0.0.8 h1:RRcwJwZtIb0J6xFPgW8a2OkQhMFG/uXkFFOFkCzMeKY=
github.com/aaronland/go-http-sanitize v0.0.8/go.mod h1:qUi4rzUPcpMntpUFnHK00yQI5vd/Q7x9MFYwX91/ygI=
github.com/aaronland/go-http-server v1.2.0 h1:UOWlZwhW/Qb4CUG60zStmiwj1xweqOfZOA1J8jNIo2I=
github.com/aaronland/go-http-server v1.2.0/go.mod h1:oADvZbSg6tH2aqZSRzVJW9vSJ+xVDEZqMqEjR76xeAs=
github.com/aaronland/go-http-static v0.0.3 h1:0MnYXNwGVDCzre5YwinfPSdAFHInbBbmBv5hJtb/FX8=
github.com/aaronland/go-http-static v0.0.3/go.mod h1:/s6lHGXq95ZR9nMJmE9slE4uMi92GP34CuG3f9xlfsY=
github.com/aaronland/go-log/v2 v2.0.0 h1:lMoaVDHd4Etaz2+ibze3ReqvHHG68z2SpuxYXv12WlE=
github.com/aaronland/go-log/v2 v2.0.0/go.mod h1:jOLBCaHVyOC7DQpbVFFQSiuU8CA8MRMrqA1mMSJQtLs=
github.com/aaronland/go-pagination v0.2.0 h1:ZZ8mNu5oEK5wanAjbYAaE3w5eyQKzFOWu/gsloW1vdw=
github.com/aaronland/go-pagination v0.2.0/go.mod h1:zrYVkUTBoe6yJ23l6OyTyfSpTyg6s/cNxZxNztXNQpQ=
github.com/aaronland/go-pagination-sql v0.2.0 h1:WVesObJVvwawIgkl6Twot9DXia09qiZQJQ/7ik64kSU=
github.com/aaronland/go-pagination-sql v0.2.0/go.mod h1:Thovmz045/sxI0actKFyGLzIKmlCK4R9Qi4gS742PbY=
github.com/aaronland/go-roster v1.0.0 h1:FRDGrTqsYySKjWnAhbBGXyeGlI/o5/t9FZYCbUmyQtI=
github.com/aaronland/go-roster v1.0.0/go.mod h1:KIsYZgrJlAsyb9LsXSCvlqvbcCBVjCSqcQiZx42i9ro=
github.com/akrylysov/algnhsa v1.0.0 h1:qlogYL9n7MfU/TJJJCKqpg6gLgCuR/IkdFGwIJClBnE=
github.com/akrylysov/algnhsa v1.0.0/go.mod h1:ConzNpk7uLAl7Hi5LqcImgl3Oq2flRe6W7zum5A1p/8=
github.com/aws/aws-lambda-go v1.37.0 h1:WXkQ/xhIcXZZ2P5ZBEw+bbAKeCEcb5NtiYpSwVVzIXg=
github.com/aws/aws-lambda-go v1.37.0/go.mod h1:jwFe2KmMsHmffA1X2R09hH6lFzJQxzI8qK17ewzbQMM=
github.com/cheekybits/is v0.0.0-20150225183255-68e9c0620927/go.mod h1:h/aW8ynjgkuj+NQRlZcDbAbM1ORAbXjXX77sX7T289U=
github.com/davecgh/go-spew v1.1.1 h1:vj9j/u1bqnvCEfJOwUhtlOARqs3+rkHYY13jYWTU97c=
github.com/djherbis/atime v1.1.0/go.mod h1:28OF6Y8s3NQWwacXc5eZTsEsiMzp7LF8MbXE+XJPdBE=
github.com/dustin/go-humanize v1.0.0/go.mod h1:HtrtbFcZ19U5GC7JDqmcUSB87Iq5E25KnS6fMYU6eOk=
github.com/fsnotify/fsnotify v1.5.4/go.mod h1:OVB6XrOHzAwXMpEM7uPOzcehqUV2UqJxmVXmkdnm1bU=
github.com/jtacoma/uritemplates v1.0.0 h1:xwx5sBF7pPAb0Uj8lDC1Q/aBPpOFyQza7OC705ZlLCo=
github.com/jtacoma/uritemplates v1.0.0/go.mod h1:IhIICdE9OcvgUnGwTtJxgBQ+VrTrti5PcbLVSJianO8=
github.com/matryer/try v0.0.0-20161228173917-9ac251b645a2/go.mod h1:0KeJpeMD6o+O4hW7qJOT7vyQPKrWmj26uf5wMc/IiIs=
github.com/pmezard/go-difflib v1.0.0 h1:4DBwDE0NGyQoBHbLQYPwSUPoCMWR5BEzIk/f1lZbAQM=
github.com/sfomuseum/go-csvdict v1.0.0 h1:ECLdgya7eXmJ8oJpk8JKmiUmQhahgXehHPWIC+bTUc0=
github.com/sfomuseum/go-csvdict v1.0.0/go.mod h1:cXhcPaOj1q//WQpkcH1HEXeAdNd0N/P+EniPVNfnBxs=
github.com/sfomuseum/go-flags v0.10.0 h1:1OC1ACxpWMsl3XQ9OeNVMQj7Zi2CzufP3Rym3mPI8HU=
github.com/sfomuseum/go-flags v0.10.0/go.mod h1:VXOnnX1/yxQpX2yiwHaBV6aCmhtszQOL5bL1/nNo3co=
github.com/sfomuseum/go-http-rollup v0.0.2 h1:cc0p0pppG1VJc6o3IUdkbocPnJedRzOqxWFNlz2mkYM=
github.com/sfomuseum/go-http-rollup v0.0.2/go.mod h1:kxVTXkkaUsxVAMq3lFSNoILzKkv1L4ETuaQiDCQcBfI=
github.com/sfomuseum/go-timings v1.2.1 h1:AthtFBMBYN+kUflQUp9FFBZVHsR9KB/GkMvO1DuEYEE=
github.com/sfomuseum/go-timings v1.2.1/go.mod h1:jZrCwV4uoY5s4sOZWZLn6xQ2LhsMy2ZvdB3tzLPO76c=
github.com/sfomuseum/iso8601duration v1.1.0 h1:kMYzbamrZp9dRxi5iFuhjl5CzHXK6s6Bzz/c75wsq8Q=
github.com/sfomuseum/iso8601duration v1.1.0/go.mod h1:6EenGWM7y8uVquMPEZwoR+ihpIMJluw7iYiHhDTuOAk=
github.com/spf13/pflag v1.0.5/go.mod h1:McXfInJRrz4CZXVZOBLb0bTZqETkiAhM9Iw0y3An2Bg=
github.com/stretchr/testify v1.8.0 h1:pSgiaMZlXftHpm5L7V1+rVB+AZJydKsMxsQBIJw4PKk=
github.com/tdewolff/minify/v2 v2.12.4 h1:kejsHQMM17n6/gwdw53qsi6lg0TGddZADVyQOz1KMdE=
github.com/tdewolff/minify/v2 v2.12.4/go.mod h1:h+SRvSIX3kwgwTFOpSckvSxgax3uy8kZTSF1Ojrr3bk=
github.com/tdewolff/parse/v2 v2.6.4 h1:KCkDvNUMof10e3QExio9OPZJT8SbdKojLBumw8YZycQ=
github.com/tdewolff/parse/v2 v2.6.4/go.mod h1:woz0cgbLwFdtbjJu8PIKxhW05KplTFQkOdX78o+Jgrs=
github.com/tdewolff/test v1.0.7 h1:8Vs0142DmPFW/bQeHRP3MV19m1gvndjUb1sn8yy74LM=
github.com/tdewolff/test v1.0.7/go.mod h1:6DAvZliBAAnD7rhVgwaM7DE5/d9NMOAJ09SqYqeK4QE=
github.com/whosonfirst/go-sanitize v0.1.0 h1:ygSqCnakwdzH/m8UEa15zXGDsoo5/JJeRkgmAjXZrBU=
github.com/whosonfirst/go-sanitize v0.1.0/go.mod h1:p/emgbafMM0p5iVAz2XWwecYPl06Tw4Jos9rhTKIrt8=
golang.org/x/net v0.13.0 h1:Nvo8UFsZ8X3BhAC9699Z1j7XQ3rsZnUUm7jfBEk1ueY=
golang.org/x/net v0.13.0/go.mod h1:zEVYFnQC7m/vmpQFELhcD1EWkZlX69l4oqgmer6hfKA=
golang.org/x/sys v0.0.0-20220412211240-33da011f77ad/go.mod h1:oPkhp1MJrh7nUepCBck5+mAzfO9JrbApNNgaTdGDITg=
gopkg.in/yaml.v3 v3.0.1 h1:fxVm/GzAzEWqLHuvctI91KS9hhNmmWOoWu0XTYJS7CA=
