github.com/aaronland/go-http-bootstrap v0.1.0 h1:ayVCu88SDUyptVN/scPMtC8jUor0h2lcoN/3ulfuwwo=
github.com/aaronland/go-http-bootstrap v0.1.0/go.mod h1:LBQ4TNCD74+4KKEmBIIzrMxeAksRp/wQ7FPA8VZ/v4E=
github.com/aaronland/go-http-rewrite v0.0.6 h1:IGmNgC+VIkOPw9h9kdhqZT48oaUbeaRgGMvy7k3HfPc=
github.com/aaronland/go-http-rewrite v0.0.6/go.mod h1:+Ehclg6SIiQPEJlSv3LR+8rojSSYPLGQuDf2z9bChpY=
github.com/aaronland/go-http-sanitize v0.0.6 h1:tlyIm16zOFrn+PfJlBCmTgFV9URwCho2/YlB9iAj8Eg=
github.com/aaronland/go-http-sanitize v0.0.6/go.mod h1:qUi4rzUPcpMntpUFnHK00yQI5vd/Q7x9MFYwX91/ygI=
github.com/aaronland/go-http-server v0.0.7 h1:hKY2e/WLkUhaeEx4KZW2iRcBfsSZqAV/wfLLRQcrECM=
github.com/aaronland/go-http-server v0.0.7/go.mod h1:6dtsZDrQG0XvUOCL0eaHsUw+7gw3Xa/Nm+XofvkSw2w=
github.com/aaronland/go-pagination v0.0.3 h1:MhD+sl0L4M0mJ0zDnk/njpGqowwG9dhda/5wfm5dU0M=
github.com/aaronland/go-pagination v0.0.3/go.mod h1:AWtlmw9OwbSPP6cSY6wRZzfYVTwXMpB+xU+2ohNLPAE=
github.com/aaronland/go-pagination-sql v0.0.4 h1:B3y1LKp6EjYzMehlwgwkn8uOsUOOEXqsHbqlhsfvfao=
github.com/aaronland/go-pagination-sql v0.0.4/go.mod h1:Bb4b3VM6yRBo8+EHixDUOtYPzdlDU+uc25YkOC7VKto=
github.com/aaronland/go-roster v0.0.2 h1:2Fu7v4VQLRLRL/Zgr6R9S5JxsW75Ab/K88QtMVX532s=
github.com/aaronland/go-roster v0.0.2/go.mod h1:AcovpxlG1XxJxX2Fjqlm63fEIBhCjEIBV4lP87FZDmI=
github.com/aaronland/go-sqlite v0.1.0 h1:PbXMPsVZ+1LMknoA7nBR+oc5XjE4C7OeL20cO/6RA/s=
github.com/aaronland/go-sqlite v0.1.0/go.mod h1:/Q4BWbsdgHtQY+99oxaeCj4TwGc8qyAN8CUyF2JK0xg=
github.com/akrylysov/algnhsa v0.0.0-20190319020909-05b3d192e9a7/go.mod h1:HhzjNA0EjUWcwHTUMwqrpeAdIF3gRmpH0HpWx1hYJSc=
github.com/aws/aws-lambda-go v1.9.0/go.mod h1:zUsUQhAUjYzR8AuduJPCfhBuKWUaDbQiPOG+ouzmE1A=
github.com/aws/aws-lambda-go v1.10.0 h1:uafgdfYGQD0UeT7d2uKdyWW8j/ZYRifRPIdmeqLzLCk=
github.com/aws/aws-lambda-go v1.10.0/go.mod h1:zUsUQhAUjYzR8AuduJPCfhBuKWUaDbQiPOG+ouzmE1A=
github.com/cenkalti/backoff/v4 v4.1.1 h1:G2HAfAmvm/GcKan2oOQpBXOd2tT2G57ZnZGWa1PxPBQ=
github.com/cenkalti/backoff/v4 v4.1.1/go.mod h1:scbssz8iZGpm3xbr14ovlUdkxfGXNInqkPWOWmG2CLw=
github.com/davecgh/go-spew v1.1.0/go.mod h1:J7Y8YcW2NihsgmVo/mv3lAwl/skON4iLHjSsI+c5H38=
github.com/elastic/go-elasticsearch/v7 v7.13.1 h1:PaM3V69wPlnwR+ne50rSKKn0RNDYnnOFQcuGEI0ce80=
github.com/elastic/go-elasticsearch/v7 v7.13.1/go.mod h1:OJ4wdbtDNk5g503kvlHLyErCgQwwzmDtaFC4XyOxXA4=
github.com/elastic/go-elasticsearch/v7 v7.15.1 h1:Wd8RLHb5D8xPBU8vGlnLXyflkso9G+rCmsXjqH8LLQQ=
github.com/elastic/go-elasticsearch/v7 v7.15.1/go.mod h1:OJ4wdbtDNk5g503kvlHLyErCgQwwzmDtaFC4XyOxXA4=
github.com/mattn/go-sqlite3 v1.14.8 h1:gDp86IdQsN/xWjIEmr9MF6o9mpksUgh0fu+9ByFxzIU=
github.com/mattn/go-sqlite3 v1.14.8/go.mod h1:NyWgC/yNuGj7Q9rpYnZvas74GogHl5/Z4A/KQRfk6bU=
github.com/pmezard/go-difflib v1.0.0/go.mod h1:iKH77koFhYxTK1pcRnkKkqfTogsbg7gZNVY4sRDYZ/4=
github.com/sfomuseum/go-csvdict v0.0.1 h1:Cj8/qXXBJBxCjgorHW5QdRWEGCZpXc+qpdKH9CTRLGU=
github.com/sfomuseum/go-csvdict v0.0.1/go.mod h1:KGO283kbQh+sqZq84XIj7qr0ImaGY2NX3hedUmAo/sI=
github.com/sfomuseum/go-flags v0.8.2 h1:elSU3KWMo442d1YjXu5Y/bokxvkGV+OrgAHshHZaeIo=
github.com/sfomuseum/go-flags v0.8.2/go.mod h1:ML3DTNbF9xnjExSdS/9FtVLjIUhRU5gm/ehzISv+t2w=
github.com/stretchr/objx v0.1.0/go.mod h1:HFkY916IF+rwdDfMAkV7OtwuqBVzrE8GR6GFx+wExME=
github.com/stretchr/testify v1.3.0/go.mod h1:M5WIy9Dh21IEIfnGCwXGc5bZfKNJtfHm1UVUgZn+9EI=
github.com/whosonfirst/algnhsa v0.1.0 h1:8wVksKaz1qor2Y6+fiLEPEPxsEEvUQgSdtSTQLMrnlA=
github.com/whosonfirst/algnhsa v0.1.0/go.mod h1:swLBXxaVTv3s6dJLhekdQCuCTshUew+xHjptRC21RG0=
github.com/whosonfirst/go-sanitize v0.1.0 h1:ygSqCnakwdzH/m8UEa15zXGDsoo5/JJeRkgmAjXZrBU=
github.com/whosonfirst/go-sanitize v0.1.0/go.mod h1:p/emgbafMM0p5iVAz2XWwecYPl06Tw4Jos9rhTKIrt8=
golang.org/x/crypto v0.0.0-20190308221718-c2843e01d9a2/go.mod h1:djNgcEr1/C05ACkg1iLfiJU5Ep61QUkGW8qpdssI0+w=
golang.org/x/crypto v0.0.0-20200622213623-75b288015ac9/go.mod h1:LzIPMQfyMNhhGPhUkYOs5KpL4U8rLKemX1yGLhDgUto=
golang.org/x/net v0.0.0-20190404232315-eb5bcb51f2a3/go.mod h1:t9HGtf8HONx5eT2rtn7q6eTqICYqUVnKs3thJo3Qplg=
golang.org/x/net v0.0.0-20201002202402-0a1ea396d57c h1:dk0ukUIHmGHqASjP0iue2261isepFCC6XRCSd1nHgDw=
golang.org/x/net v0.0.0-20201002202402-0a1ea396d57c/go.mod h1:iQL9McJNjoIa5mjH6nYTCTZXUN6RP+XW3eib7Ya3XcI=
golang.org/x/sys v0.0.0-20190215142949-d0b11bdaac8a/go.mod h1:STP8DvDyc/dI5b8T5hshtkjS+E42TnysNCUPdjciGhY=
golang.org/x/sys v0.0.0-20190412213103-97732733099d/go.mod h1:h1NjWce9XRLGQEsW7wpKNCjG9DtNlClVuFLEZdDNbEs=
golang.org/x/sys v0.0.0-20200930185726-fdedc70b468f/go.mod h1:h1NjWce9XRLGQEsW7wpKNCjG9DtNlClVuFLEZdDNbEs=
golang.org/x/text v0.3.0/go.mod h1:NqM8EUOU14njkJ3fqMW+pc6Ldnwhi/IjpwHt7yyuwOQ=
